
Microsoft Visual Studio Solution File, Format Version 12.00
# Visual Studio Version 17
VisualStudioVersion = 17.0.32112.339
MinimumVisualStudioVersion = 10.0.40219.1
Project("{F184B08F-C81C-45F6-A57F-5ABD9991F28F}") = "1-PrimeiroProjeto", "1-PrimeiroProjeto\1-PrimeiroProjeto.vbproj", "{4E430885-7662-4258-B0DB-9F092F14B152}"
EndProject
Global
	GlobalSection(SolutionConfigurationPlatforms) = preSolution
		Debug|Any CPU = Debug|Any CPU
		Release|Any CPU = Release|Any CPU
	EndGlobalSection
	GlobalSection(ProjectConfigurationPlatforms) = postSolution
		{4E430885-7662-4258-B0DB-9F092F14B152}.Debug|Any CPU.ActiveCfg = Debug|Any CPU
		{4E430885-7662-4258-B0DB-9F092F14B152}.Debug|Any CPU.Build.0 = Debug|Any CPU
		{4E430885-7662-4258-B0DB-9F092F14B152}.Release|Any CPU.ActiveCfg = Release|Any CPU
		{4E430885-7662-4258-B0DB-9F092F14B152}.Release|Any CPU.Build.0 = Release|Any CPU
	EndGlobalSection
	GlobalSection(SolutionProperties) = preSolution
		HideSolutionNode = FALSE
	EndGlobalSection
	GlobalSection(ExtensibilityGlobals) = postSolution
		SolutionGuid = {B061F183-BD3A-4C1F-AFA5-BD507EC416C5}
	EndGlobalSection
EndGlobal
